{
  "lockfileVersion": 1,
  "configVersion": 1,
  "workspaces": {
    "": {
      "name": "bun-react-template",
      "dependencies": {
        "@effect/platform-bun": "^4.0.0-beta.43",
        "bun-plugin-tailwind": "^0.1.2",
        "effect": "^4.0.0-beta.43",
        "react": "^19.2.4",
        "react-dom": "^19.2.4",
        "tailwindcss": "^4.2.2",
      },
      "devDependencies": {
        "@effect/language-service": "^0.84.3",
        "@effect/tsgo": "^0.2.1",
        "@types/bun": "latest",
        "@types/react": "^19.2.14",
        "@types/react-dom": "^19.2.3",
        "@typescript/native-preview": "^7.0.0-dev.20260404.1",
      },
    },
  },
  "packages": {
    "@effect/language-service": ["@effect/language-service@0.84.3", "", { "bin": { "effect-language-service": "cli.js" } }, "sha512-zpxi6rLCwst/cBQd7ElwDvt36Y6Jvz8v6bCLnNiOL6OXvdLmqjOFWyzWZdMh92vvBQA/aVKhfIAAOP3o4wKt0A=="],

    "@effect/platform-bun": ["@effect/platform-bun@4.0.0-beta.43", "", { "dependencies": { "@effect/platform-node-shared": "^4.0.0-beta.43" }, "peerDependencies": { "effect": "^4.0.0-beta.43" } }, "sha512-nMZ9JsD6CzJNQ+5pDUFbPw7PSZdQdTQ092MbYrocVtvlf6qEFU/hji3ITvRIOX7eabyQ8AUyp55qFPQUeq+GIA=="],

    "@effect/platform-node-shared": ["@effect/platform-node-shared@4.0.0-beta.43", "", { "dependencies": { "@types/ws": "^8.18.1", "ws": "^8.19.0" }, "peerDependencies": { "effect": "^4.0.0-beta.43" } }, "sha512-A9q0GEb61pYcQ06Dr6gXj1nKlDI3KHsar1sk3qb1ZY+kVSR64tBAylI8zGon23KY+NPtTUj/sEIToB7jc3Qt5w=="],

    "@effect/tsgo": ["@effect/tsgo@0.2.1", "", { "optionalDependencies": { "@effect/tsgo-darwin-arm64": "0.2.1", "@effect/tsgo-darwin-x64": "0.2.1", "@effect/tsgo-linux-arm": "0.2.1", "@effect/tsgo-linux-arm64": "0.2.1", "@effect/tsgo-linux-x64": "0.2.1", "@effect/tsgo-win32-arm64": "0.2.1", "@effect/tsgo-win32-x64": "0.2.1" }, "bin": { "effect-tsgo": "dist/effect-tsgo.js" } }, "sha512-TvVcTT/L8b4jLsewpTcD7FLg+dio1NQE+A6fbG5Q6xTBu6uAsWOOuFGX4c3CfBnxtMrtKKQoC1E2KI0v6uV3vQ=="],

    "@effect/tsgo-darwin-arm64": ["@effect/tsgo-darwin-arm64@0.2.1", "", { "os": "darwin", "cpu": "arm64" }, "sha512-pSoPHmHmVCwsKvT5AcPQmh0sYBvjNi7kjD7RXzlooBY3iL3G+N7a6Y/C6kEWR0BvhVXKq2wy7aDnBxd/JdZZhw=="],

    "@effect/tsgo-darwin-x64": ["@effect/tsgo-darwin-x64@0.2.1", "", { "os": "darwin", "cpu": "x64" }, "sha512-vAee7neAE0tLduRnIQErpCr0YdgbKs/uid6TIbj3Y8W1XbuaPJSHmqS/PlbVGTBc5xOzPw09RpQ+J11WWDwPQg=="],

    "@effect/tsgo-linux-arm": ["@effect/tsgo-linux-arm@0.2.1", "", { "os": "linux", "cpu": "arm" }, "sha512-X7eD9Fl3E9kn0u+tLJFEpHb42o014VYa/xbEWeIWz9kygBZMVcQlodK5/Vq/VocBA/HGV1cqM40et3nO8jOuFQ=="],

    "@effect/tsgo-linux-arm64": ["@effect/tsgo-linux-arm64@0.2.1", "", { "os": "linux", "cpu": "arm64" }, "sha512-hQzpv/C4oP0gmTH+nslwL3IXps4cjBYYu8jSorMAzot2W3KNDjRvTk1CNHbcZr6umHA+aMcAnvGNIgpGVkWmYw=="],

    "@effect/tsgo-linux-x64": ["@effect/tsgo-linux-x64@0.2.1", "", { "os": "linux", "cpu": "x64" }, "sha512-RriY3q1UOE6YwizD0h3K8+VzrwH4UOF2e2GmuXXnjwUHK0TAQZ0LktkOjfG5DFSOUFfFhBXwZpGDlIs72NqKpw=="],

    "@effect/tsgo-win32-arm64": ["@effect/tsgo-win32-arm64@0.2.1", "", { "os": "win32", "cpu": "arm64" }, "sha512-/WooEK2unvzQFzkP+tiIaUZ6Ri6Iq2gOaXj95ipl3QzhPyZhRi64XHtWTnA0sbWIXKaQZq9N78OshDjUQbd8aA=="],

    "@effect/tsgo-win32-x64": ["@effect/tsgo-win32-x64@0.2.1", "", { "os": "win32", "cpu": "x64" }, "sha512-jouqz7FDRAEhSRzf+XQlTNJ0yUVYJhHp4wdskUFa6ekBz2Mfa3OkHRZ/fKrNnXQLqaIQ8PmjzDnxhPzZGDxPrA=="],

    "@msgpackr-extract/msgpackr-extract-darwin-arm64": ["@msgpackr-extract/msgpackr-extract-darwin-arm64@3.0.3", "", { "os": "darwin", "cpu": "arm64" }, "sha512-QZHtlVgbAdy2zAqNA9Gu1UpIuI8Xvsd1v8ic6B2pZmeFnFcMWiPLfWXh7TVw4eGEZ/C9TH281KwhVoeQUKbyjw=="],

    "@msgpackr-extract/msgpackr-extract-darwin-x64": ["@msgpackr-extract/msgpackr-extract-darwin-x64@3.0.3", "", { "os": "darwin", "cpu": "x64" }, "sha512-mdzd3AVzYKuUmiWOQ8GNhl64/IoFGol569zNRdkLReh6LRLHOXxU4U8eq0JwaD8iFHdVGqSy4IjFL4reoWCDFw=="],

    "@msgpackr-extract/msgpackr-extract-linux-arm": ["@msgpackr-extract/msgpackr-extract-linux-arm@3.0.3", "", { "os": "linux", "cpu": "arm" }, "sha512-fg0uy/dG/nZEXfYilKoRe7yALaNmHoYeIoJuJ7KJ+YyU2bvY8vPv27f7UKhGRpY6euFYqEVhxCFZgAUNQBM3nw=="],

    "@msgpackr-extract/msgpackr-extract-linux-arm64": ["@msgpackr-extract/msgpackr-extract-linux-arm64@3.0.3", "", { "os": "linux", "cpu": "arm64" }, "sha512-YxQL+ax0XqBJDZiKimS2XQaf+2wDGVa1enVRGzEvLLVFeqa5kx2bWbtcSXgsxjQB7nRqqIGFIcLteF/sHeVtQg=="],

    "@msgpackr-extract/msgpackr-extract-linux-x64": ["@msgpackr-extract/msgpackr-extract-linux-x64@3.0.3", "", { "os": "linux", "cpu": "x64" }, "sha512-cvwNfbP07pKUfq1uH+S6KJ7dT9K8WOE4ZiAcsrSes+UY55E/0jLYc+vq+DO7jlmqRb5zAggExKm0H7O/CBaesg=="],

    "@msgpackr-extract/msgpackr-extract-win32-x64": ["@msgpackr-extract/msgpackr-extract-win32-x64@3.0.3", "", { "os": "win32", "cpu": "x64" }, "sha512-x0fWaQtYp4E6sktbsdAqnehxDgEc/VwM7uLsRCYWaiGu0ykYdZPiS8zCWdnjHwyiumousxfBm4SO31eXqwEZhQ=="],

    "@oven/bun-darwin-aarch64": ["@oven/bun-darwin-aarch64@1.3.11", "", { "os": "darwin", "cpu": "arm64" }, "sha512-/8IzqSu4/OWGRs7Fs2ROzGVwJMFTBQkgAp6sAthkBYoN7OiM4rY/CpPVs2X9w9N1W61CHSkEdNKi8HrLZKfK3g=="],

    "@oven/bun-darwin-x64": ["@oven/bun-darwin-x64@1.3.11", "", { "os": "darwin", "cpu": "x64" }, "sha512-TT7eUihnAzxM2tlZesusuC75PAOYKvUBgVU/Nm/lakZ/DpyuqhNkzUfcxSgmmK9IjVWzMmezLIGZl16XGCGJng=="],

    "@oven/bun-darwin-x64-baseline": ["@oven/bun-darwin-x64-baseline@1.3.11", "", { "os": "darwin", "cpu": "x64" }, "sha512-CYjIHWaQG7T4phfjErHr6BiXRs0K/9DqMeiohJmuYSBF+H2m56vFslOenLCguGYQL9jeiiCZBeoVCpwjxZrMgQ=="],

    "@oven/bun-linux-aarch64": ["@oven/bun-linux-aarch64@1.3.11", "", { "os": "linux", "cpu": "arm64" }, "sha512-8XMLyRNxHF4jfLajkWt+F8UDxsWbzysyxQVMZKUXwoeGvaxB0rVd07r3YbgDtG8U6khhRFM3oaGp+CQ0whwmdA=="],

    "@oven/bun-linux-aarch64-musl": ["@oven/bun-linux-aarch64-musl@1.3.11", "", { "os": "linux", "cpu": "arm64" }, "sha512-jBwYCLG5Eb+PqtFrc3Wp2WMYlw1Id75gUcsdP+ApCOpf5oQhHxkFWCjZmcDoioDmEhMWAiM3wtwSrTlPg+sI6Q=="],

    "@oven/bun-linux-x64": ["@oven/bun-linux-x64@1.3.11", "", { "os": "linux", "cpu": "x64" }, "sha512-z3GFCk1UBzDOOiEBHL32lVP7Edi26BhOjKb6bIc0nRyabbRiyON4++GR0zmd/H5zM5S0+UcXFgCGnD+b8avTLw=="],

    "@oven/bun-linux-x64-baseline": ["@oven/bun-linux-x64-baseline@1.3.11", "", { "os": "linux", "cpu": "x64" }, "sha512-KZlf1jKtf4jai8xiQv/0XRjxVVhHnw/HtUKtLdOeQpTOQ1fQFhLoz2FGGtVRd0LVa/yiRbSz9HlWIzWlmJClng=="],

    "@oven/bun-linux-x64-musl": ["@oven/bun-linux-x64-musl@1.3.11", "", { "os": "linux", "cpu": "x64" }, "sha512-ADImD4yCHNpqZu718E2chWcCaAHvua90yhmpzzV6fF4zOhwkGGbPCgUWmKyJ83uz+DXaPdYxX0ttDvtolrzx3Q=="],

    "@oven/bun-linux-x64-musl-baseline": ["@oven/bun-linux-x64-musl-baseline@1.3.11", "", { "os": "linux", "cpu": "x64" }, "sha512-J+qz4Al05PrNIOdj7xsWVTyx0c/gjUauG5nKV3Rrx0Q+5JO+1pPVlnfNmWbOF9pKG4f3IGad8KXJUfGMORld+Q=="],

    "@oven/bun-windows-aarch64": ["@oven/bun-windows-aarch64@1.3.11", "", { "os": "win32", "cpu": "arm64" }, "sha512-UOdkwScHRkGPz+n9ZJU7sTkTvqV7rD1SLCLaru1xH8WRsV7tDorPqNCzEN1msOIiPRK825nvAtEm9UsomO1GsA=="],

    "@oven/bun-windows-x64": ["@oven/bun-windows-x64@1.3.11", "", { "os": "win32", "cpu": "x64" }, "sha512-E51tyWDP1l0CbjZYhiUxhDGPaY8Hf5YBREx0PHBff1LM1/q3qsJ6ZvRUa8YbbOO0Ax9QP6GHjD9vf3n6bXZ7QA=="],

    "@oven/bun-windows-x64-baseline": ["@oven/bun-windows-x64-baseline@1.3.11", "", { "os": "win32", "cpu": "x64" }, "sha512-cCsXK9AQ9Zf18QlVnbrFu2IKfr4sf2sfbErkF2jfCzyCO9Bnhl0KRx63zlN+Ni1xU7gcBLAssgcui5R400N2eA=="],

    "@standard-schema/spec": ["@standard-schema/spec@1.1.0", "", {}, "sha512-l2aFy5jALhniG5HgqrD6jXLi/rUWrKvqN/qJx6yoJsgKhblVd+iqqU4RCXavm/jPityDo5TCvKMnpjKnOriy0w=="],

    "@types/bun": ["@types/bun@1.3.11", "", { "dependencies": { "bun-types": "1.3.11" } }, "sha512-5vPne5QvtpjGpsGYXiFyycfpDF2ECyPcTSsFBMa0fraoxiQyMJ3SmuQIGhzPg2WJuWxVBoxWJ2kClYTcw/4fAg=="],

    "@types/node": ["@types/node@25.5.2", "", { "dependencies": { "undici-types": "~7.18.0" } }, "sha512-tO4ZIRKNC+MDWV4qKVZe3Ql/woTnmHDr5JD8UI5hn2pwBrHEwOEMZK7WlNb5RKB6EoJ02gwmQS9OrjuFnZYdpg=="],

    "@types/react": ["@types/react@19.2.14", "", { "dependencies": { "csstype": "^3.2.2" } }, "sha512-ilcTH/UniCkMdtexkoCN0bI7pMcJDvmQFPvuPvmEaYA/NSfFTAgdUSLAoVjaRJm7+6PvcM+q1zYOwS4wTYMF9w=="],

    "@types/react-dom": ["@types/react-dom@19.2.3", "", { "peerDependencies": { "@types/react": "^19.2.0" } }, "sha512-jp2L/eY6fn+KgVVQAOqYItbF0VY/YApe5Mz2F0aykSO8gx31bYCZyvSeYxCHKvzHG5eZjc+zyaS5BrBWya2+kQ=="],

    "@types/ws": ["@types/ws@8.18.1", "", { "dependencies": { "@types/node": "*" } }, "sha512-ThVF6DCVhA8kUGy+aazFQ4kXQ7E1Ty7A3ypFOe0IcJV8O/M511G99AW24irKrW56Wt44yG9+ij8FaqoBGkuBXg=="],

    "@typescript/native-preview": ["@typescript/native-preview@7.0.0-dev.20260404.1", "", { "optionalDependencies": { "@typescript/native-preview-darwin-arm64": "7.0.0-dev.20260404.1", "@typescript/native-preview-darwin-x64": "7.0.0-dev.20260404.1", "@typescript/native-preview-linux-arm": "7.0.0-dev.20260404.1", "@typescript/native-preview-linux-arm64": "7.0.0-dev.20260404.1", "@typescript/native-preview-linux-x64": "7.0.0-dev.20260404.1", "@typescript/native-preview-win32-arm64": "7.0.0-dev.20260404.1", "@typescript/native-preview-win32-x64": "7.0.0-dev.20260404.1" }, "bin": { "tsgo": "bin/tsgo.js" } }, "sha512-XiZ31gvwWDnMSriMglmYsua2cIw+RsZ0pdqhIJs8jh+l7rNav3LJ+DQUe2jJYkHE0+xFOwyTUtuYlrFHsBsujw=="],

    "@typescript/native-preview-darwin-arm64": ["@typescript/native-preview-darwin-arm64@7.0.0-dev.20260404.1", "", { "os": "darwin", "cpu": "arm64" }, "sha512-9pQFaF1SuYAfz81o87rtuuxWtVI3ws7lW1Rpc3TM1S4A1kV9BCePyeW1bA9fc4TUhRCsnFKElPWN36SnwAmMRg=="],

    "@typescript/native-preview-darwin-x64": ["@typescript/native-preview-darwin-x64@7.0.0-dev.20260404.1", "", { "os": "darwin", "cpu": "x64" }, "sha512-vS3+8FbgyyYlSq1wv5IGi5i3FIuoWet2BbQU3kfIhdVWN2d+Kcg75jrDVq6uSjbW4VFZDz2dBKAPi5YLinX2ig=="],

    "@typescript/native-preview-linux-arm": ["@typescript/native-preview-linux-arm@7.0.0-dev.20260404.1", "", { "os": "linux", "cpu": "arm" }, "sha512-7w6NQBUibFWRmS6SSwrIMoMoPpiXmeAPxelgDsIcCf08RLvujB0cWp91r+qF7N03QV9NHDiQHwowINdoxWR9gQ=="],

    "@typescript/native-preview-linux-arm64": ["@typescript/native-preview-linux-arm64@7.0.0-dev.20260404.1", "", { "os": "linux", "cpu": "arm64" }, "sha512-CDjKhvTEsgSMP9/hr0NklVgzDhocGT7fALrgD9xHWbRwiYf+6hXZXIEcyvhJr7xvRdbrLF5zMHrY8/G7/mQLXA=="],

    "@typescript/native-preview-linux-x64": ["@typescript/native-preview-linux-x64@7.0.0-dev.20260404.1", "", { "os": "linux", "cpu": "x64" }, "sha512-AIxWszfp8xzvBRq+iSE+YmlJQRUWP50Qrq1N6PeQeeBR9uXl/1i972vSDkiO0lrSalgypDh4lLtTXK5VBwMOKg=="],

    "@typescript/native-preview-win32-arm64": ["@typescript/native-preview-win32-arm64@7.0.0-dev.20260404.1", "", { "os": "win32", "cpu": "arm64" }, "sha512-AHD1xpkoAquap3Dcg7Mk1Bd1an7nw8ziPETgb1c/W80bVUGQ+Hzrhq8pLuU68LKR8Le2j5EkF/BYHI4VAztaKg=="],

    "@typescript/native-preview-win32-x64": ["@typescript/native-preview-win32-x64@7.0.0-dev.20260404.1", "", { "os": "win32", "cpu": "x64" }, "sha512-G8yDp0kZOJbtClPhHe3RXywFVNkkQefAgbQI46bfNPrqfmflQia4fYHeIDVX2XEb0FKTmwaIGnhL1+BYT1f9AQ=="],

    "bun": ["bun@1.3.11", "", { "optionalDependencies": { "@oven/bun-darwin-aarch64": "1.3.11", "@oven/bun-darwin-x64": "1.3.11", "@oven/bun-darwin-x64-baseline": "1.3.11", "@oven/bun-linux-aarch64": "1.3.11", "@oven/bun-linux-aarch64-musl": "1.3.11", "@oven/bun-linux-x64": "1.3.11", "@oven/bun-linux-x64-baseline": "1.3.11", "@oven/bun-linux-x64-musl": "1.3.11", "@oven/bun-linux-x64-musl-baseline": "1.3.11", "@oven/bun-windows-aarch64": "1.3.11", "@oven/bun-windows-x64": "1.3.11", "@oven/bun-windows-x64-baseline": "1.3.11" }, "os": [ "linux", "win32", "darwin", ], "cpu": [ "x64", "arm64", ], "bin": { "bun": "bin/bun.exe", "bunx": "bin/bunx.exe" } }, "sha512-AvXWYFO6j/ZQ7bhGm4X6eilq2JHsDVC90ZM32k2B7/srhC2gs3Sdki1QTbwrdRCo8o7eT+167vcB1yzOvPdbjA=="],

    "bun-plugin-tailwind": ["bun-plugin-tailwind@0.1.2", "", { "peerDependencies": { "bun": ">=1.0.0" } }, "sha512-41jNC1tZRSK3s1o7pTNrLuQG8kL/0vR/JgiTmZAJ1eHwe0w5j6HFPKeqEk0WAD13jfrUC7+ULuewFBBCoADPpg=="],

    "bun-types": ["bun-types@1.3.11", "", { "dependencies": { "@types/node": "*" } }, "sha512-1KGPpoxQWl9f6wcZh57LvrPIInQMn2TQ7jsgxqpRzg+l0QPOFvJVH7HmvHo/AiPgwXy+/Thf6Ov3EdVn1vOabg=="],

    "csstype": ["csstype@3.2.3", "", {}, "sha512-z1HGKcYy2xA8AGQfwrn0PAy+PB7X/GSj3UVJW9qKyn43xWa+gl5nXmU4qqLMRzWVLFC8KusUX8T/0kCiOYpAIQ=="],

    "detect-libc": ["detect-libc@2.1.2", "", {}, "sha512-Btj2BOOO83o3WyH59e8MgXsxEQVcarkUOpEYrubB0urwnN10yQ364rsiByU11nZlqWYZm05i/of7io4mzihBtQ=="],

    "effect": ["effect@4.0.0-beta.43", "", { "dependencies": { "@standard-schema/spec": "^1.1.0", "fast-check": "^4.5.3", "find-my-way-ts": "^0.1.6", "ini": "^6.0.0", "kubernetes-types": "^1.30.0", "msgpackr": "^1.11.8", "multipasta": "^0.2.7", "toml": "^3.0.0", "uuid": "^13.0.0", "yaml": "^2.8.2" } }, "sha512-AJYyDimIwJOn87uUz/JzmgDc5GfjxJbXvEbTvNzMa+M3Uer344bLo/O5mMRkqc1vBleA+Ygs4+dbE3QsqOkKTQ=="],

    "fast-check": ["fast-check@4.6.0", "", { "dependencies": { "pure-rand": "^8.0.0" } }, "sha512-h7H6Dm0Fy+H4ciQYFxFjXnXkzR2kr9Fb22c0UBpHnm59K2zpr2t13aPTHlltFiNT6zuxp6HMPAVVvgur4BLdpA=="],

    "find-my-way-ts": ["find-my-way-ts@0.1.6", "", {}, "sha512-a85L9ZoXtNAey3Y6Z+eBWW658kO/MwR7zIafkIUPUMf3isZG0NCs2pjW2wtjxAKuJPxMAsHUIP4ZPGv0o5gyTA=="],

    "ini": ["ini@6.0.0", "", {}, "sha512-IBTdIkzZNOpqm7q3dRqJvMaldXjDHWkEDfrwGEQTs5eaQMWV+djAhR+wahyNNMAa+qpbDUhBMVt4ZKNwpPm7xQ=="],

    "kubernetes-types": ["kubernetes-types@1.30.0", "", {}, "sha512-Dew1okvhM/SQcIa2rcgujNndZwU8VnSapDgdxlYoB84ZlpAD43U6KLAFqYo17ykSFGHNPrg0qry0bP+GJd9v7Q=="],

    "msgpackr": ["msgpackr@1.11.9", "", { "optionalDependencies": { "msgpackr-extract": "^3.0.2" } }, "sha512-FkoAAyyA6HM8wL882EcEyFZ9s7hVADSwG9xrVx3dxxNQAtgADTrJoEWivID82Iv1zWDsv/OtbrrcZAzGzOMdNw=="],

    "msgpackr-extract": ["msgpackr-extract@3.0.3", "", { "dependencies": { "node-gyp-build-optional-packages": "5.2.2" }, "optionalDependencies": { "@msgpackr-extract/msgpackr-extract-darwin-arm64": "3.0.3", "@msgpackr-extract/msgpackr-extract-darwin-x64": "3.0.3", "@msgpackr-extract/msgpackr-extract-linux-arm": "3.0.3", "@msgpackr-extract/msgpackr-extract-linux-arm64": "3.0.3", "@msgpackr-extract/msgpackr-extract-linux-x64": "3.0.3", "@msgpackr-extract/msgpackr-extract-win32-x64": "3.0.3" }, "bin": { "download-msgpackr-prebuilds": "bin/download-prebuilds.js" } }, "sha512-P0efT1C9jIdVRefqjzOQ9Xml57zpOXnIuS+csaB4MdZbTdmGDLo8XhzBG1N7aO11gKDDkJvBLULeFTo46wwreA=="],

    "multipasta": ["multipasta@0.2.7", "", {}, "sha512-KPA58d68KgGil15oDqXjkUBEBYc00XvbPj5/X+dyzeo/lWm9Nc25pQRlf1D+gv4OpK7NM0J1odrbu9JNNGvynA=="],

    "node-gyp-build-optional-packages": ["node-gyp-build-optional-packages@5.2.2", "", { "dependencies": { "detect-libc": "^2.0.1" }, "bin": { "node-gyp-build-optional-packages": "bin.js", "node-gyp-build-optional-packages-optional": "optional.js", "node-gyp-build-optional-packages-test": "build-test.js" } }, "sha512-s+w+rBWnpTMwSFbaE0UXsRlg7hU4FjekKU4eyAih5T8nJuNZT1nNsskXpxmeqSK9UzkBl6UgRlnKc8hz8IEqOw=="],

    "pure-rand": ["pure-rand@8.4.0", "", {}, "sha512-IoM8YF/jY0hiugFo/wOWqfmarlE6J0wc6fDK1PhftMk7MGhVZl88sZimmqBBFomLOCSmcCCpsfj7wXASCpvK9A=="],

    "react": ["react@19.2.4", "", {}, "sha512-9nfp2hYpCwOjAN+8TZFGhtWEwgvWHXqESH8qT89AT/lWklpLON22Lc8pEtnpsZz7VmawabSU0gCjnj8aC0euHQ=="],

    "react-dom": ["react-dom@19.2.4", "", { "dependencies": { "scheduler": "^0.27.0" }, "peerDependencies": { "react": "^19.2.4" } }, "sha512-AXJdLo8kgMbimY95O2aKQqsz2iWi9jMgKJhRBAxECE4IFxfcazB2LmzloIoibJI3C12IlY20+KFaLv+71bUJeQ=="],

    "scheduler": ["scheduler@0.27.0", "", {}, "sha512-eNv+WrVbKu1f3vbYJT/xtiF5syA5HPIMtf9IgY/nKg0sWqzAUEvqY/xm7OcZc/qafLx/iO9FgOmeSAp4v5ti/Q=="],

    "tailwindcss": ["tailwindcss@4.2.2", "", {}, "sha512-KWBIxs1Xb6NoLdMVqhbhgwZf2PGBpPEiwOqgI4pFIYbNTfBXiKYyWoTsXgBQ9WFg/OlhnvHaY+AEpW7wSmFo2Q=="],

    "toml": ["toml@3.0.0", "", {}, "sha512-y/mWCZinnvxjTKYhJ+pYxwD0mRLVvOtdS2Awbgxln6iEnt4rk0yBxeSBHkGJcPucRiG0e55mwWp+g/05rsrd6w=="],

    "undici-types": ["undici-types@7.18.2", "", {}, "sha512-AsuCzffGHJybSaRrmr5eHr81mwJU3kjw6M+uprWvCXiNeN9SOGwQ3Jn8jb8m3Z6izVgknn1R0FTCEAP2QrLY/w=="],

    "uuid": ["uuid@13.0.0", "", { "bin": { "uuid": "dist-node/bin/uuid" } }, "sha512-XQegIaBTVUjSHliKqcnFqYypAd4S+WCYt5NIeRs6w/UAry7z8Y9j5ZwRRL4kzq9U3sD6v+85er9FvkEaBpji2w=="],

    "ws": ["ws@8.20.0", "", { "peerDependencies": { "bufferutil": "^4.0.1", "utf-8-validate": ">=5.0.2" }, "optionalPeers": ["bufferutil", "utf-8-validate"] }, "sha512-sAt8BhgNbzCtgGbt2OxmpuryO63ZoDk/sqaB/znQm94T4fCEsy/yV+7CdC1kJhOU9lboAEU7R3kquuycDoibVA=="],

    "yaml": ["yaml@2.8.3", "", { "bin": { "yaml": "bin.mjs" } }, "sha512-AvbaCLOO2Otw/lW5bmh9d/WEdcDFdQp2Z2ZUH3pX9U2ihyUY0nvLv7J6TrWowklRGPYbB/IuIMfYgxaCPg5Bpg=="],
  }
}
